// !$*UTF8*$!
{
	archiveVersion = 1;
	classes = {
	};
	objectVersion = 50;
	objects = {

/* Begin PBXBuildFile section */
		FCF8000021ED7BBC00ABEDDC /* HomeViewController.m in Sources */ = {isa = PBXBuildFile; fileRef = FCF8FFFD21ED7BBC00ABEDDC /* HomeViewController.m */; };
		FCF8001321ED7DBE00ABEDDC /* Reachability.m in Sources */ = {isa = PBXBuildFile; fileRef = FCF8000F21ED7DBE00ABEDDC /* Reachability.m */; };
		FCF8001421ED7DBE00ABEDDC /* LaunchGuideImage_0.png in Resources */ = {isa = PBXBuildFile; fileRef = FCF8001221ED7DBE00ABEDDC /* LaunchGuideImage_0.png */; };
		FCF8001721ED7FAC00ABEDDC /* TableViewDemoViewController.m in Sources */ = {isa = PBXBuildFile; fileRef = FCF8001621ED7FAB00ABEDDC /* TableViewDemoViewController.m */; };
		FCF8002021EDE2BA00ABEDDC /* Person.m in Sources */ = {isa = PBXBuildFile; fileRef = FCF8001F21EDE2BA00ABEDDC /* Person.m */; };
		FCF8002921EDE32800ABEDDC /* PersonInfoTableViewCell.m in Sources */ = {isa = PBXBuildFile; fileRef = FCF8002721EDE32800ABEDDC /* PersonInfoTableViewCell.m */; };
		FCF8002A21EDE32800ABEDDC /* PersonInfoTableViewCell.xib in Resources */ = {isa = PBXBuildFile; fileRef = FCF8002821EDE32800ABEDDC /* PersonInfoTableViewCell.xib */; };
		FCF8FED321ED6FA800ABEDDC /* AppDelegate.m in Sources */ = {isa = PBXBuildFile; fileRef = FCF8FED221ED6FA800ABEDDC /* AppDelegate.m */; };
		FCF8FED921ED6FA800ABEDDC /* Main.storyboard in Resources */ = {isa = PBXBuildFile; fileRef = FCF8FED721ED6FA800ABEDDC /* Main.storyboard */; };
		FCF8FEDB21ED6FAA00ABEDDC /* Assets.xcassets in Resources */ = {isa = PBXBuildFile; fileRef = FCF8FEDA21ED6FAA00ABEDDC /* Assets.xcassets */; };
		FCF8FEDE21ED6FAA00ABEDDC /* LaunchScreen.storyboard in Resources */ = {isa = PBXBuildFile; fileRef = FCF8FEDC21ED6FAA00ABEDDC /* LaunchScreen.storyboard */; };
		FCF8FEE121ED6FAA00ABEDDC /* main.m in Sources */ = {isa = PBXBuildFile; fileRef = FCF8FEE021ED6FAA00ABEDDC /* main.m */; };
/* End PBXBuildFile section */

/* Begin PBXFileReference section */
		FCF8000921ED7DBE00ABEDDC /* App_Header_KeyMap.h */ = {isa = PBXFileReference; fileEncoding = 4; lastKnownFileType = sourcecode.c.h; path = App_Header_KeyMap.h; sourceTree = "<group>"; };
		FCF8000A21ED7DBE00ABEDDC /* App_Header_Import.h */ = {isa = PBXFileReference; fileEncoding = 4; lastKnownFileType = sourcecode.c.h; path = App_Header_Import.h; sourceTree = "<group>"; };
		FCF8000B21ED7DBE00ABEDDC /* App_Header_Enum.h */ = {isa = PBXFileReference; fileEncoding = 4; lastKnownFileType = sourcecode.c.h; path = App_Header_Enum.h; sourceTree = "<group>"; };
		FCF8000C21ED7DBE00ABEDDC /* App_Header_Define.h */ = {isa = PBXFileReference; fileEncoding = 4; lastKnownFileType = sourcecode.c.h; path = App_Header_Define.h; sourceTree = "<group>"; };
		FCF8000D21ED7DBE00ABEDDC /* PrefixHeader.pch */ = {isa = PBXFileReference; fileEncoding = 4; lastKnownFileType = sourcecode.c.h; path = PrefixHeader.pch; sourceTree = "<group>"; };
		FCF8000F21ED7DBE00ABEDDC /* Reachability.m */ = {isa = PBXFileReference; fileEncoding = 4; lastKnownFileType = sourcecode.c.objc; path = Reachability.m; sourceTree = "<group>"; };
		FCF8001021ED7DBE00ABEDDC /* Reachability.h */ = {isa = PBXFileReference; fileEncoding = 4; lastKnownFileType = sourcecode.c.h; path = Reachability.h; sourceTree = "<group>"; };
		FCF8001221ED7DBE00ABEDDC /* LaunchGuideImage_0.png */ = {isa = PBXFileReference; lastKnownFileType = image.png; path = LaunchGuideImage_0.png; sourceTree = "<group>"; };
		FCF8001521ED7FAB00ABEDDC /* TableViewDemoViewController.h */ = {isa = PBXFileReference; lastKnownFileType = sourcecode.c.h; path = TableViewDemoViewController.h; sourceTree = "<group>"; };
		FCF8001621ED7FAB00ABEDDC /* TableViewDemoViewController.m */ = {isa = PBXFileReference; lastKnownFileType = sourcecode.c.objc; path = TableViewDemoViewController.m; sourceTree = "<group>"; };
		FCF8001E21EDE2BA00ABEDDC /* Person.h */ = {isa = PBXFileReference; lastKnownFileType = sourcecode.c.h; path = Person.h; sourceTree = "<group>"; };
		FCF8001F21EDE2BA00ABEDDC /* Person.m */ = {isa = PBXFileReference; lastKnownFileType = sourcecode.c.objc; path = Person.m; sourceTree = "<group>"; };
		FCF8002621EDE32800ABEDDC /* PersonInfoTableViewCell.h */ = {isa = PBXFileReference; lastKnownFileType = sourcecode.c.h; path = PersonInfoTableViewCell.h; sourceTree = "<group>"; };
		FCF8002721EDE32800ABEDDC /* PersonInfoTableViewCell.m */ = {isa = PBXFileReference; lastKnownFileType = sourcecode.c.objc; path = PersonInfoTableViewCell.m; sourceTree = "<group>"; };
		FCF8002821EDE32800ABEDDC /* PersonInfoTableViewCell.xib */ = {isa = PBXFileReference; lastKnownFileType = file.xib; path = PersonInfoTableViewCell.xib; sourceTree = "<group>"; };
		FCF8FECE21ED6FA800ABEDDC /* iOS_Learning_Demo.app */ = {isa = PBXFileReference; explicitFileType = wrapper.application; includeInIndex = 0; path = iOS_Learning_Demo.app; sourceTree = BUILT_PRODUCTS_DIR; };
		FCF8FED121ED6FA800ABEDDC /* AppDelegate.h */ = {isa = PBXFileReference; lastKnownFileType = sourcecode.c.h; path = AppDelegate.h; sourceTree = "<group>"; };
		FCF8FED221ED6FA800ABEDDC /* AppDelegate.m */ = {isa = PBXFileReference; lastKnownFileType = sourcecode.c.objc; path = AppDelegate.m; sourceTree = "<group>"; };
		FCF8FED821ED6FA800ABEDDC /* Base */ = {isa = PBXFileReference; lastKnownFileType = file.storyboard; name = Base; path = Base.lproj/Main.storyboard; sourceTree = "<group>"; };
		FCF8FEDA21ED6FAA00ABEDDC /* Assets.xcassets */ = {isa = PBXFileReference; lastKnownFileType = folder.assetcatalog; path = Assets.xcassets; sourceTree = "<group>"; };
		FCF8FEDD21ED6FAA00ABEDDC /* Base */ = {isa = PBXFileReference; lastKnownFileType = file.storyboard; name = Base; path = Base.lproj/LaunchScreen.storyboard; sourceTree = "<group>"; };
		FCF8FEDF21ED6FAA00ABEDDC /* Info.plist */ = {isa = PBXFileReference; lastKnownFileType = text.plist.xml; path = Info.plist; sourceTree = "<group>"; };
		FCF8FEE021ED6FAA00ABEDDC /* main.m */ = {isa = PBXFileReference; lastKnownFileType = sourcecode.c.objc; path = main.m; sourceTree = "<group>"; };
		FCF8FFFD21ED7BBC00ABEDDC /* HomeViewController.m */ = {isa = PBXFileReference; fileEncoding = 4; lastKnownFileType = sourcecode.c.objc; path = HomeViewController.m; sourceTree = "<group>"; };
		FCF8FFFE21ED7BBC00ABEDDC /* HomeViewController.h */ = {isa = PBXFileReference; fileEncoding = 4; lastKnownFileType = sourcecode.c.h; path = HomeViewController.h; sourceTree = "<group>"; };
/* End PBXFileReference section */

/* Begin PBXFrameworksBuildPhase section */
		FCF8FECB21ED6FA800ABEDDC /* Frameworks */ = {
			isa = PBXFrameworksBuildPhase;
			buildActionMask = 2147483647;
			files = (
			);
			runOnlyForDeploymentPostprocessing = 0;
		};
/* End PBXFrameworksBuildPhase section */

/* Begin PBXGroup section */
		FCF8000721ED7DBE00ABEDDC /* Utils（通用类） */ = {
			isa = PBXGroup;
			children = (
				FCF8000821ED7DBE00ABEDDC /* Prefix */,
			);
			name = "Utils（通用类）";
			path = "iOS_Learning_Demo/Project/Utils（通用类）";
			sourceTree = SOURCE_ROOT;
		};
		FCF8000821ED7DBE00ABEDDC /* Prefix */ = {
			isa = PBXGroup;
			children = (
				FCF8000921ED7DBE00ABEDDC /* App_Header_KeyMap.h */,
				FCF8000A21ED7DBE00ABEDDC /* App_Header_Import.h */,
				FCF8000B21ED7DBE00ABEDDC /* App_Header_Enum.h */,
				FCF8000C21ED7DBE00ABEDDC /* App_Header_Define.h */,
				FCF8000D21ED7DBE00ABEDDC /* PrefixHeader.pch */,
			);
			path = Prefix;
			sourceTree = "<group>";
		};
		FCF8000E21ED7DBE00ABEDDC /* ThirdFramework（三方库） */ = {
			isa = PBXGroup;
			children = (
				FCF8000F21ED7DBE00ABEDDC /* Reachability.m */,
				FCF8001021ED7DBE00ABEDDC /* Reachability.h */,
			);
			name = "ThirdFramework（三方库）";
			path = "iOS_Learning_Demo/Project/ThirdFramework（三方库）";
			sourceTree = SOURCE_ROOT;
		};
		FCF8001121ED7DBE00ABEDDC /* Resources（资源文件） */ = {
			isa = PBXGroup;
			children = (
				FCF8001221ED7DBE00ABEDDC /* LaunchGuideImage_0.png */,
			);
			name = "Resources（资源文件）";
			path = "iOS_Learning_Demo/Project/Resources（资源文件）";
			sourceTree = SOURCE_ROOT;
		};
		FCF8FEC521ED6FA800ABEDDC = {
			isa = PBXGroup;
			children = (
				FCF8FED021ED6FA800ABEDDC /* iOS_Learning_Demo */,
				FCF8FECF21ED6FA800ABEDDC /* Products */,
			);
			sourceTree = "<group>";
		};
		FCF8FECF21ED6FA800ABEDDC /* Products */ = {
			isa = PBXGroup;
			children = (
				FCF8FECE21ED6FA800ABEDDC /* iOS_Learning_Demo.app */,
			);
			name = Products;
			sourceTree = "<group>";
		};
		FCF8FED021ED6FA800ABEDDC /* iOS_Learning_Demo */ = {
			isa = PBXGroup;
			children = (
				FCF8FEEB21ED76CC00ABEDDC /* Project */,
				FCF8FEEA21ED721000ABEDDC /* Applications */,
			);
			path = iOS_Learning_Demo;
			sourceTree = "<group>";
		};
		FCF8FEEA21ED721000ABEDDC /* Applications */ = {
			isa = PBXGroup;
			children = (
				FCF8FED121ED6FA800ABEDDC /* AppDelegate.h */,
				FCF8FED221ED6FA800ABEDDC /* AppDelegate.m */,
				FCF8FED721ED6FA800ABEDDC /* Main.storyboard */,
				FCF8FEDA21ED6FAA00ABEDDC /* Assets.xcassets */,
				FCF8FEDC21ED6FAA00ABEDDC /* LaunchScreen.storyboard */,
				FCF8FEDF21ED6FAA00ABEDDC /* Info.plist */,
				FCF8FEE021ED6FAA00ABEDDC /* main.m */,
			);
			name = Applications;
			sourceTree = "<group>";
		};
		FCF8FEEB21ED76CC00ABEDDC /* Project */ = {
			isa = PBXGroup;
			children = (
				FCF8FF3221ED76CC00ABEDDC /* Classes（主项目类） */,
				FCF8001121ED7DBE00ABEDDC /* Resources（资源文件） */,
				FCF8000E21ED7DBE00ABEDDC /* ThirdFramework（三方库） */,
				FCF8000721ED7DBE00ABEDDC /* Utils（通用类） */,
			);
			path = Project;
			sourceTree = "<group>";
		};
		FCF8FF3221ED76CC00ABEDDC /* Classes（主项目类） */ = {
			isa = PBXGroup;
			children = (
				FCF8FF4A21ED76CC00ABEDDC /* Home（首页） */,
			);
			path = "Classes（主项目类）";
			sourceTree = "<group>";
		};
		FCF8FF4A21ED76CC00ABEDDC /* Home（首页） */ = {
			isa = PBXGroup;
			children = (
				FCF8FFFC21ED7BBC00ABEDDC /* Controllers */,
				FCF8FFFB21ED7BBC00ABEDDC /* Models */,
				FCF8FFFF21ED7BBC00ABEDDC /* Views */,
			);
			path = "Home（首页）";
			sourceTree = "<group>";
		};
		FCF8FFFB21ED7BBC00ABEDDC /* Models */ = {
			isa = PBXGroup;
			children = (
				FCF8001E21EDE2BA00ABEDDC /* Person.h */,
				FCF8001F21EDE2BA00ABEDDC /* Person.m */,
			);
			path = Models;
			sourceTree = "<group>";
		};
		FCF8FFFC21ED7BBC00ABEDDC /* Controllers */ = {
			isa = PBXGroup;
			children = (
				FCF8FFFE21ED7BBC00ABEDDC /* HomeViewController.h */,
				FCF8FFFD21ED7BBC00ABEDDC /* HomeViewController.m */,
				FCF8001521ED7FAB00ABEDDC /* TableViewDemoViewController.h */,
				FCF8001621ED7FAB00ABEDDC /* TableViewDemoViewController.m */,
			);
			path = Controllers;
			sourceTree = "<group>";
		};
		FCF8FFFF21ED7BBC00ABEDDC /* Views */ = {
			isa = PBXGroup;
			children = (
				FCF8002621EDE32800ABEDDC /* PersonInfoTableViewCell.h */,
				FCF8002721EDE32800ABEDDC /* PersonInfoTableViewCell.m */,
				FCF8002821EDE32800ABEDDC /* PersonInfoTableViewCell.xib */,
			);
			path = Views;
			sourceTree = "<group>";
		};
/* End PBXGroup section */

/* Begin PBXNativeTarget section */
		FCF8FECD21ED6FA800ABEDDC /* iOS_Learning_Demo */ = {
			isa = PBXNativeTarget;
			buildConfigurationList = FCF8FEE421ED6FAA00ABEDDC /* Build configuration list for PBXNativeTarget "iOS_Learning_Demo" */;
			buildPhases = (
				FCF8FECA21ED6FA800ABEDDC /* Sources */,
				FCF8FECB21ED6FA800ABEDDC /* Frameworks */,
				FCF8FECC21ED6FA800ABEDDC /* Resources */,
			);
			buildRules = (
			);
			dependencies = (
			);
			name = iOS_Learning_Demo;
			productName = iOS_Learning_Demo;
			productReference = FCF8FECE21ED6FA800ABEDDC /* iOS_Learning_Demo.app */;
			productType = "com.apple.product-type.application";
		};
/* End PBXNativeTarget section */

/* Begin PBXProject section */
		FCF8FEC621ED6FA800ABEDDC /* Project object */ = {
			isa = PBXProject;
			attributes = {
				LastUpgradeCheck = 1000;
				ORGANIZATIONNAME = MrYeL;
				TargetAttributes = {
					FCF8FECD21ED6FA800ABEDDC = {
						CreatedOnToolsVersion = 10.0;
					};
				};
			};
			buildConfigurationList = FCF8FEC921ED6FA800ABEDDC /* Build configuration list for PBXProject "iOS_Learning_Demo" */;
			compatibilityVersion = "Xcode 9.3";
			developmentRegion = en;
			hasScannedForEncodings = 0;
			knownRegions = (
				en,
				Base,
			);
			mainGroup = FCF8FEC521ED6FA800ABEDDC;
			productRefGroup = FCF8FECF21ED6FA800ABEDDC /* Products */;
			projectDirPath = "";
			projectRoot = "";
			targets = (
				FCF8FECD21ED6FA800ABEDDC /* iOS_Learning_Demo */,
			);
		};
/* End PBXProject section */

/* Begin PBXResourcesBuildPhase section */
		FCF8FECC21ED6FA800ABEDDC /* Resources */ = {
			isa = PBXResourcesBuildPhase;
			buildActionMask = 2147483647;
			files = (
				FCF8002A21EDE32800ABEDDC /* PersonInfoTableViewCell.xib in Resources */,
				FCF8001421ED7DBE00ABEDDC /* LaunchGuideImage_0.png in Resources */,
				FCF8FEDE21ED6FAA00ABEDDC /* LaunchScreen.storyboard in Resources */,
				FCF8FEDB21ED6FAA00ABEDDC /* Assets.xcassets in Resources */,
				FCF8FED921ED6FA800ABEDDC /* Main.storyboard in Resources */,
			);
			runOnlyForDeploymentPostprocessing = 0;
		};
/* End PBXResourcesBuildPhase section */

/* Begin PBXSourcesBuildPhase section */
		FCF8FECA21ED6FA800ABEDDC /* Sources */ = {
			isa = PBXSourcesBuildPhase;
			buildActionMask = 2147483647;
			files = (
				FCF8001721ED7FAC00ABEDDC /* TableViewDemoViewController.m in Sources */,
				FCF8FEE121ED6FAA00ABEDDC /* main.m in Sources */,
				FCF8002021EDE2BA00ABEDDC /* Person.m in Sources */,
				FCF8FED321ED6FA800ABEDDC /* AppDelegate.m in Sources */,
				FCF8001321ED7DBE00ABEDDC /* Reachability.m in Sources */,
				FCF8000021ED7BBC00ABEDDC /* HomeViewController.m in Sources */,
				FCF8002921EDE32800ABEDDC /* PersonInfoTableViewCell.m in Sources */,
			);
			runOnlyForDeploymentPostprocessing = 0;
		};
/* End PBXSourcesBuildPhase section */

/* Begin PBXVariantGroup section */
		FCF8FED721ED6FA800ABEDDC /* Main.storyboard */ = {
			isa = PBXVariantGroup;
			children = (
				FCF8FED821ED6FA800ABEDDC /* Base */,
			);
			name = Main.storyboard;
			sourceTree = "<group>";
		};
		FCF8FEDC21ED6FAA00ABEDDC /* LaunchScreen.storyboard */ = {
			isa = PBXVariantGroup;
			children = (
				FCF8FEDD21ED6FAA00ABEDDC /* Base */,
			);
			name = LaunchScreen.storyboard;
			sourceTree = "<group>";
		};
/* End PBXVariantGroup section */

/* Begin XCBuildConfiguration section */
		FCF8FEE221ED6FAA00ABEDDC /* Debug */ = {
			isa = XCBuildConfiguration;
			buildSettings = {
				ALWAYS_SEARCH_USER_PATHS = NO;
				CLANG_ANALYZER_NONNULL = YES;
				CLANG_ANALYZER_NUMBER_OBJECT_CONVERSION = YES_AGGRESSIVE;
				CLANG_CXX_LANGUAGE_STANDARD = "gnu++14";
				CLANG_CXX_LIBRARY = "libc++";
				CLANG_ENABLE_MODULES = YES;
				CLANG_ENABLE_OBJC_ARC = YES;
				CLANG_ENABLE_OBJC_WEAK = YES;
				CLANG_WARN_BLOCK_CAPTURE_AUTORELEASING = YES;
				CLANG_WARN_BOOL_CONVERSION = YES;
				CLANG_WARN_COMMA = YES;
				CLANG_WARN_CONSTANT_CONVERSION = YES;
				CLANG_WARN_DEPRECATED_OBJC_IMPLEMENTATIONS = YES;
				CLANG_WARN_DIRECT_OBJC_ISA_USAGE = YES_ERROR;
				CLANG_WARN_DOCUMENTATION_COMMENTS = YES;
				CLANG_WARN_EMPTY_BODY = YES;
				CLANG_WARN_ENUM_CONVERSION = YES;
				CLANG_WARN_INFINITE_RECURSION = YES;
				CLANG_WARN_INT_CONVERSION = YES;
				CLANG_WARN_NON_LITERAL_NULL_CONVERSION = YES;
				CLANG_WARN_OBJC_IMPLICIT_RETAIN_SELF = YES;
				CLANG_WARN_OBJC_LITERAL_CONVERSION = YES;
				CLANG_WARN_OBJC_ROOT_CLASS = YES_ERROR;
				CLANG_WARN_RANGE_LOOP_ANALYSIS = YES;
				CLANG_WARN_STRICT_PROTOTYPES = YES;
				CLANG_WARN_SUSPICIOUS_MOVE = YES;
				CLANG_WARN_UNGUARDED_AVAILABILITY = YES_AGGRESSIVE;
				CLANG_WARN_UNREACHABLE_CODE = YES;
				CLANG_WARN__DUPLICATE_METHOD_MATCH = YES;
				CODE_SIGN_IDENTITY = "iPhone Developer";
				COPY_PHASE_STRIP = NO;
				DEBUG_INFORMATION_FORMAT = dwarf;
				ENABLE_STRICT_OBJC_MSGSEND = YES;
				ENABLE_TESTABILITY = YES;
				GCC_C_LANGUAGE_STANDARD = gnu11;
				GCC_DYNAMIC_NO_PIC = NO;
				GCC_NO_COMMON_BLOCKS = YES;
				GCC_OPTIMIZATION_LEVEL = 0;
				GCC_PREPROCESSOR_DEFINITIONS = (
					"DEBUG=1",
					"$(inherited)",
				);
				GCC_WARN_64_TO_32_BIT_CONVERSION = YES;
				GCC_WARN_ABOUT_RETURN_TYPE = YES_ERROR;
				GCC_WARN_UNDECLARED_SELECTOR = YES;
				GCC_WARN_UNINITIALIZED_AUTOS = YES_AGGRESSIVE;
				GCC_WARN_UNUSED_FUNCTION = YES;
				GCC_WARN_UNUSED_VARIABLE = YES;
				IPHONEOS_DEPLOYMENT_TARGET = 12.0;
				MTL_ENABLE_DEBUG_INFO = INCLUDE_SOURCE;
				MTL_FAST_MATH = YES;
				ONLY_ACTIVE_ARCH = YES;
				SDKROOT = iphoneos;
			};
			name = Debug;
		};
		FCF8FEE321ED6FAA00ABEDDC /* Release */ = {
			isa = XCBuildConfiguration;
			buildSettings = {
				ALWAYS_SEARCH_USER_PATHS = NO;
				CLANG_ANALYZER_NONNULL = YES;
				CLANG_ANALYZER_NUMBER_OBJECT_CONVERSION = YES_AGGRESSIVE;
				CLANG_CXX_LANGUAGE_STANDARD = "gnu++14";
				CLANG_CXX_LIBRARY = "libc++";
				CLANG_ENABLE_MODULES = YES;
				CLANG_ENABLE_OBJC_ARC = YES;
				CLANG_ENABLE_OBJC_WEAK = YES;
				CLANG_WARN_BLOCK_CAPTURE_AUTORELEASING = YES;
				CLANG_WARN_BOOL_CONVERSION = YES;
				CLANG_WARN_COMMA = YES;
				CLANG_WARN_CONSTANT_CONVERSION = YES;
				CLANG_WARN_DEPRECATED_OBJC_IMPLEMENTATIONS = YES;
				CLANG_WARN_DIRECT_OBJC_ISA_USAGE = YES_ERROR;
				CLANG_WARN_DOCUMENTATION_COMMENTS = YES;
				CLANG_WARN_EMPTY_BODY = YES;
				CLANG_WARN_ENUM_CONVERSION = YES;
				CLANG_WARN_INFINITE_RECURSION = YES;
				CLANG_WARN_INT_CONVERSION = YES;
				CLANG_WARN_NON_LITERAL_NULL_CONVERSION = YES;
				CLANG_WARN_OBJC_IMPLICIT_RETAIN_SELF = YES;
				CLANG_WARN_OBJC_LITERAL_CONVERSION = YES;
				CLANG_WARN_OBJC_ROOT_CLASS = YES_ERROR;
				CLANG_WARN_RANGE_LOOP_ANALYSIS = YES;
				CLANG_WARN_STRICT_PROTOTYPES = YES;
				CLANG_WARN_SUSPICIOUS_MOVE = YES;
				CLANG_WARN_UNGUARDED_AVAILABILITY = YES_AGGRESSIVE;
				CLANG_WARN_UNREACHABLE_CODE = YES;
				CLANG_WARN__DUPLICATE_METHOD_MATCH = YES;
				CODE_SIGN_IDENTITY = "iPhone Developer";
				COPY_PHASE_STRIP = NO;
				DEBUG_INFORMATION_FORMAT = "dwarf-with-dsym";
				ENABLE_NS_ASSERTIONS = NO;
				ENABLE_STRICT_OBJC_MSGSEND = YES;
				GCC_C_LANGUAGE_STANDARD = gnu11;
				GCC_NO_COMMON_BLOCKS = YES;
				GCC_WARN_64_TO_32_BIT_CONVERSION = YES;
				GCC_WARN_ABOUT_RETURN_TYPE = YES_ERROR;
				GCC_WARN_UNDECLARED_SELECTOR = YES;
				GCC_WARN_UNINITIALIZED_AUTOS = YES_AGGRESSIVE;
				GCC_WARN_UNUSED_FUNCTION = YES;
				GCC_WARN_UNUSED_VARIABLE = YES;
				IPHONEOS_DEPLOYMENT_TARGET = 12.0;
				MTL_ENABLE_DEBUG_INFO = NO;
				MTL_FAST_MATH = YES;
				SDKROOT = iphoneos;
				VALIDATE_PRODUCT = YES;
			};
			name = Release;
		};
		FCF8FEE521ED6FAA00ABEDDC /* Debug */ = {
			isa = XCBuildConfiguration;
			buildSettings = {
				ASSETCATALOG_COMPILER_APPICON_NAME = AppIcon;
				CODE_SIGN_STYLE = Automatic;
				GCC_PREFIX_HEADER = "$(SRCROOT)/iOS_Learning_Demo/Project/Utils（通用类）/Prefix/PrefixHeader.pch";
				INFOPLIST_FILE = iOS_Learning_Demo/Info.plist;
				LD_RUNPATH_SEARCH_PATHS = (
					"$(inherited)",
					"@executable_path/Frameworks",
				);
				LIBRARY_SEARCH_PATHS = (
					"$(inherited)",
					"$(PROJECT_DIR)/iOS_Learning_Demo/Project/Classes（主项目类）/Test(测试)/Index/Views/OCR/libexidcard",
					"$(PROJECT_DIR)/iOS_Learning_Demo/Project/Classes（主项目类）/Test(测试)/Index/Views/OCR/bank_io/exbankcardcore",
				);
				PRODUCT_BUNDLE_IDENTIFIER = "com.MrYeL.iOS-Learning-Demo";
				PRODUCT_NAME = "$(TARGET_NAME)";
				TARGETED_DEVICE_FAMILY = "1,2";
			};
			name = Debug;
		};
		FCF8FEE621ED6FAA00ABEDDC /* Release */ = {
			isa = XCBuildConfiguration;
			buildSettings = {
				ASSETCATALOG_COMPILER_APPICON_NAME = AppIcon;
				CODE_SIGN_STYLE = Automatic;
				GCC_PREFIX_HEADER = "$(SRCROOT)/iOS_Learning_Demo/Project/Utils（通用类）/Prefix/PrefixHeader.pch";
				INFOPLIST_FILE = iOS_Learning_Demo/Info.plist;
				LD_RUNPATH_SEARCH_PATHS = (
					"$(inherited)",
					"@executable_path/Frameworks",
				);
				LIBRARY_SEARCH_PATHS = (
					"$(inherited)",
					"$(PROJECT_DIR)/iOS_Learning_Demo/Project/Classes（主项目类）/Test(测试)/Index/Views/OCR/libexidcard",
					"$(PROJECT_DIR)/iOS_Learning_Demo/Project/Classes（主项目类）/Test(测试)/Index/Views/OCR/bank_io/exbankcardcore",
				);
				PRODUCT_BUNDLE_IDENTIFIER = "com.MrYeL.iOS-Learning-Demo";
				PRODUCT_NAME = "$(TARGET_NAME)";
				TARGETED_DEVICE_FAMILY = "1,2";
			};
			name = Release;
		};
/* End XCBuildConfiguration section */

/* Begin XCConfigurationList section */
		FCF8FEC921ED6FA800ABEDDC /* Build configuration list for PBXProject "iOS_Learning_Demo" */ = {
			isa = XCConfigurationList;
			buildConfigurations = (
				FCF8FEE221ED6FAA00ABEDDC /* Debug */,
				FCF8FEE321ED6FAA00ABEDDC /* Release */,
			);
			defaultConfigurationIsVisible = 0;
			defaultConfigurationName = Release;
		};
		FCF8FEE421ED6FAA00ABEDDC /* Build configuration list for PBXNativeTarget "iOS_Learning_Demo" */ = {
			isa = XCConfigurationList;
			buildConfigurations = (
				FCF8FEE521ED6FAA00ABEDDC /* Debug */,
				FCF8FEE621ED6FAA00ABEDDC /* Release */,
			);
			defaultConfigurationIsVisible = 0;
			defaultConfigurationName = Release;
		};
/* End XCConfigurationList section */
	};
	rootObject = FCF8FEC621ED6FA800ABEDDC /* Project object */;
}
